// !$*UTF8*$!
{
	archiveVersion = 1;
	classes = {
	};
	objectVersion = 46;
	objects = {

/* Begin PBXBuildFile section */
		993FB87D1C9D2CEB0099A149 /* main.cpp in Sources */ = {isa = PBXBuildFile; fileRef = 993FB87C1C9D2CEB0099A149 /* main.cpp */; };
		993FB8851C9D2CFE0099A149 /* domain.cpp in Sources */ = {isa = PBXBuildFile; fileRef = 993FB8831C9D2CFE0099A149 /* domain.cpp */; };
		993FB8881C9D2D070099A149 /* repository.cpp in Sources */ = {isa = PBXBuildFile; fileRef = 993FB8861C9D2D070099A149 /* repository.cpp */; };
		993FB88B1C9D2D120099A149 /* controller.cpp in Sources */ = {isa = PBXBuildFile; fileRef = 993FB8891C9D2D120099A149 /* controller.cpp */; };
		993FB88E1C9D2D190099A149 /* console.cpp in Sources */ = {isa = PBXBuildFile; fileRef = 993FB88C1C9D2D190099A149 /* console.cpp */; };
		993FB8941C9D383A0099A149 /* Store.cpp in Sources */ = {isa = PBXBuildFile; fileRef = 993FB8921C9D383A0099A149 /* Store.cpp */; };
/* End PBXBuildFile section */

/* Begin PBXCopyFilesBuildPhase section */
		993FB8771C9D2CEB0099A149 /* CopyFiles */ = {
			isa = PBXCopyFilesBuildPhase;
			buildActionMask = 2147483647;
			dstPath = /usr/share/man/man1/;
			dstSubfolderSpec = 0;
			files = (
			);
			runOnlyForDeploymentPostprocessing = 1;
		};
/* End PBXCopyFilesBuildPhase section */

/* Begin PBXFileReference section */
		993FB8791C9D2CEB0099A149 /* L5-7 */ = {isa = PBXFileReference; explicitFileType = "compiled.mach-o.executable"; includeInIndex = 0; path = "L5-7"; sourceTree = BUILT_PRODUCTS_DIR; };
		993FB87C1C9D2CEB0099A149 /* main.cpp */ = {isa = PBXFileReference; lastKnownFileType = sourcecode.cpp.cpp; path = main.cpp; sourceTree = "<group>"; };
		993FB8831C9D2CFE0099A149 /* domain.cpp */ = {isa = PBXFileReference; fileEncoding = 4; lastKnownFileType = sourcecode.cpp.cpp; path = domain.cpp; sourceTree = "<group>"; };
		993FB8841C9D2CFE0099A149 /* domain.hpp */ = {isa = PBXFileReference; fileEncoding = 4; lastKnownFileType = sourcecode.cpp.h; path = domain.hpp; sourceTree = "<group>"; };
		993FB8861C9D2D070099A149 /* repository.cpp */ = {isa = PBXFileReference; fileEncoding = 4; lastKnownFileType = sourcecode.cpp.cpp; path = repository.cpp; sourceTree = "<group>"; };
		993FB8871C9D2D070099A149 /* repository.hpp */ = {isa = PBXFileReference; fileEncoding = 4; lastKnownFileType = sourcecode.cpp.h; path = repository.hpp; sourceTree = "<group>"; };
		993FB8891C9D2D120099A149 /* controller.cpp */ = {isa = PBXFileReference; fileEncoding = 4; lastKnownFileType = sourcecode.cpp.cpp; path = controller.cpp; sourceTree = "<group>"; };
		993FB88A1C9D2D120099A149 /* controller.hpp */ = {isa = PBXFileReference; fileEncoding = 4; lastKnownFileType = sourcecode.cpp.h; path = controller.hpp; sourceTree = "<group>"; };
		993FB88C1C9D2D190099A149 /* console.cpp */ = {isa = PBXFileReference; fileEncoding = 4; lastKnownFileType = sourcecode.cpp.cpp; path = console.cpp; sourceTree = "<group>"; };
		993FB88D1C9D2D190099A149 /* console.hpp */ = {isa = PBXFileReference; fileEncoding = 4; lastKnownFileType = sourcecode.cpp.h; path = console.hpp; sourceTree = "<group>"; };
		993FB8901C9D2D1F0099A149 /* utils.hpp */ = {isa = PBXFileReference; fileEncoding = 4; lastKnownFileType = sourcecode.cpp.h; path = utils.hpp; sourceTree = "<group>"; };
		993FB8921C9D383A0099A149 /* Store.cpp */ = {isa = PBXFileReference; fileEncoding = 4; lastKnownFileType = sourcecode.cpp.cpp; path = Store.cpp; sourceTree = "<group>"; };
		993FB8931C9D383A0099A149 /* Store.hpp */ = {isa = PBXFileReference; fileEncoding = 4; lastKnownFileType = sourcecode.cpp.h; path = Store.hpp; sourceTree = "<group>"; };
/* End PBXFileReference section */

/* Begin PBXFrameworksBuildPhase section */
		993FB8761C9D2CEB0099A149 /* Frameworks */ = {
			isa = PBXFrameworksBuildPhase;
			buildActionMask = 2147483647;
			files = (
			);
			runOnlyForDeploymentPostprocessing = 0;
		};
/* End PBXFrameworksBuildPhase section */

/* Begin PBXGroup section */
		993FB8701C9D2CEB0099A149 = {
			isa = PBXGroup;
			children = (
				993FB87B1C9D2CEB0099A149 /* L5-7 */,
				993FB87A1C9D2CEB0099A149 /* Products */,
			);
			sourceTree = "<group>";
		};
		993FB87A1C9D2CEB0099A149 /* Products */ = {
			isa = PBXGroup;
			children = (
				993FB8791C9D2CEB0099A149 /* L5-7 */,
			);
			name = Products;
			sourceTree = "<group>";
		};
		993FB87B1C9D2CEB0099A149 /* L5-7 */ = {
			isa = PBXGroup;
			children = (
				993FB88C1C9D2D190099A149 /* console.cpp */,
				993FB88D1C9D2D190099A149 /* console.hpp */,
				993FB8891C9D2D120099A149 /* controller.cpp */,
				993FB88A1C9D2D120099A149 /* controller.hpp */,
				993FB8861C9D2D070099A149 /* repository.cpp */,
				993FB8871C9D2D070099A149 /* repository.hpp */,
				993FB8921C9D383A0099A149 /* Store.cpp */,
				993FB8931C9D383A0099A149 /* Store.hpp */,
				993FB8831C9D2CFE0099A149 /* domain.cpp */,
				993FB8841C9D2CFE0099A149 /* domain.hpp */,
				993FB87C1C9D2CEB0099A149 /* main.cpp */,
				993FB8901C9D2D1F0099A149 /* utils.hpp */,
			);
			path = "L5-7";
			sourceTree = "<group>";
		};
/* End PBXGroup section */

/* Begin PBXNativeTarget section */
		993FB8781C9D2CEB0099A149 /* L5-7 */ = {
			isa = PBXNativeTarget;
			buildConfigurationList = 993FB8801C9D2CEB0099A149 /* Build configuration list for PBXNativeTarget "L5-7" */;
			buildPhases = (
				993FB8751C9D2CEB0099A149 /* Sources */,
				993FB8761C9D2CEB0099A149 /* Frameworks */,
				993FB8771C9D2CEB0099A149 /* CopyFiles */,
			);
			buildRules = (
			);
			dependencies = (
			);
			name = "L5-7";
			productName = "L5-7";
			productReference = 993FB8791C9D2CEB0099A149 /* L5-7 */;
			productType = "com.apple.product-type.tool";
		};
/* End PBXNativeTarget section */

/* Begin PBXProject section */
		993FB8711C9D2CEB0099A149 /* Project object */ = {
			isa = PBXProject;
			attributes = {
				LastUpgradeCheck = 0720;
				ORGANIZATIONNAME = "Dehelean Andrei";
				TargetAttributes = {
					993FB8781C9D2CEB0099A149 = {
						CreatedOnToolsVersion = 7.2.1;
					};
				};
			};
			buildConfigurationList = 993FB8741C9D2CEB0099A149 /* Build configuration list for PBXProject "L5-7" */;
			compatibilityVersion = "Xcode 3.2";
			developmentRegion = English;
			hasScannedForEncodings = 0;
			knownRegions = (
				en,
			);
			mainGroup = 993FB8701C9D2CEB0099A149;
			productRefGroup = 993FB87A1C9D2CEB0099A149 /* Products */;
			projectDirPath = "";
			projectRoot = "";
			targets = (
				993FB8781C9D2CEB0099A149 /* L5-7 */,
			);
		};
/* End PBXProject section */

/* Begin PBXSourcesBuildPhase section */
		993FB8751C9D2CEB0099A149 /* Sources */ = {
			isa = PBXSourcesBuildPhase;
			buildActionMask = 2147483647;
			files = (
				993FB87D1C9D2CEB0099A149 /* main.cpp in Sources */,
				993FB88E1C9D2D190099A149 /* console.cpp in Sources */,
				993FB8881C9D2D070099A149 /* repository.cpp in Sources */,
				993FB8941C9D383A0099A149 /* Store.cpp in Sources */,
				993FB8851C9D2CFE0099A149 /* domain.cpp in Sources */,
				993FB88B1C9D2D120099A149 /* controller.cpp in Sources */,
			);
			runOnlyForDeploymentPostprocessing = 0;
		};
/* End PBXSourcesBuildPhase section */

/* Begin XCBuildConfiguration section */
		993FB87E1C9D2CEB0099A149 /* Debug */ = {
			isa = XCBuildConfiguration;
			buildSettings = {
				ALWAYS_SEARCH_USER_PATHS = NO;
				CLANG_CXX_LANGUAGE_STANDARD = "gnu++0x";
				CLANG_CXX_LIBRARY = "libc++";
				CLANG_ENABLE_MODULES = YES;
				CLANG_ENABLE_OBJC_ARC = YES;
				CLANG_WARN_BOOL_CONVERSION = YES;
				CLANG_WARN_CONSTANT_CONVERSION = YES;
				CLANG_WARN_DIRECT_OBJC_ISA_USAGE = YES_ERROR;
				CLANG_WARN_EMPTY_BODY = YES;
				CLANG_WARN_ENUM_CONVERSION = YES;
				CLANG_WARN_INT_CONVERSION = YES;
				CLANG_WARN_OBJC_ROOT_CLASS = YES_ERROR;
				CLANG_WARN_UNREACHABLE_CODE = YES;
				CLANG_WARN__DUPLICATE_METHOD_MATCH = YES;
				CODE_SIGN_IDENTITY = "-";
				COPY_PHASE_STRIP = NO;
				DEBUG_INFORMATION_FORMAT = dwarf;
				ENABLE_STRICT_OBJC_MSGSEND = YES;
				ENABLE_TESTABILITY = YES;
				GCC_C_LANGUAGE_STANDARD = gnu99;
				GCC_DYNAMIC_NO_PIC = NO;
				GCC_NO_COMMON_BLOCKS = YES;
				GCC_OPTIMIZATION_LEVEL = 0;
				GCC_PREPROCESSOR_DEFINITIONS = (
					"DEBUG=1",
					"$(inherited)",
				);
				GCC_WARN_64_TO_32_BIT_CONVERSION = YES;
				GCC_WARN_ABOUT_RETURN_TYPE = YES_ERROR;
				GCC_WARN_UNDECLARED_SELECTOR = YES;
				GCC_WARN_UNINITIALIZED_AUTOS = YES_AGGRESSIVE;
				GCC_WARN_UNUSED_FUNCTION = YES;
				GCC_WARN_UNUSED_VARIABLE = YES;
				MACOSX_DEPLOYMENT_TARGET = 10.11;
				MTL_ENABLE_DEBUG_INFO = YES;
				ONLY_ACTIVE_ARCH = YES;
				SDKROOT = macosx;
			};
			name = Debug;
		};
		993FB87F1C9D2CEB0099A149 /* Release */ = {
			isa = XCBuildConfiguration;
			buildSettings = {
				ALWAYS_SEARCH_USER_PATHS = NO;
				CLANG_CXX_LANGUAGE_STANDARD = "gnu++0x";
				CLANG_CXX_LIBRARY = "libc++";
				CLANG_ENABLE_MODULES = YES;
				CLANG_ENABLE_OBJC_ARC = YES;
				CLANG_WARN_BOOL_CONVERSION = YES;
				CLANG_WARN_CONSTANT_CONVERSION = YES;
				CLANG_WARN_DIRECT_OBJC_ISA_USAGE = YES_ERROR;
				CLANG_WARN_EMPTY_BODY = YES;
				CLANG_WARN_ENUM_CONVERSION = YES;
				CLANG_WARN_INT_CONVERSION = YES;
				CLANG_WARN_OBJC_ROOT_CLASS = YES_ERROR;
				CLANG_WARN_UNREACHABLE_CODE = YES;
				CLANG_WARN__DUPLICATE_METHOD_MATCH = YES;
				CODE_SIGN_IDENTITY = "-";
				COPY_PHASE_STRIP = NO;
				DEBUG_INFORMATION_FORMAT = "dwarf-with-dsym";
				ENABLE_NS_ASSERTIONS = NO;
				ENABLE_STRICT_OBJC_MSGSEND = YES;
				GCC_C_LANGUAGE_STANDARD = gnu99;
				GCC_NO_COMMON_BLOCKS = YES;
				GCC_WARN_64_TO_32_BIT_CONVERSION = YES;
				GCC_WARN_ABOUT_RETURN_TYPE = YES_ERROR;
				GCC_WARN_UNDECLARED_SELECTOR = YES;
				GCC_WARN_UNINITIALIZED_AUTOS = YES_AGGRESSIVE;
				GCC_WARN_UNUSED_FUNCTION = YES;
				GCC_WARN_UNUSED_VARIABLE = YES;
				MACOSX_DEPLOYMENT_TARGET = 10.11;
				MTL_ENABLE_DEBUG_INFO = NO;
				SDKROOT = macosx;
			};
			name = Release;
		};
		993FB8811C9D2CEB0099A149 /* Debug */ = {
			isa = XCBuildConfiguration;
			buildSettings = {
				PRODUCT_NAME = "$(TARGET_NAME)";
			};
			name = Debug;
		};
		993FB8821C9D2CEB0099A149 /* Release */ = {
			isa = XCBuildConfiguration;
			buildSettings = {
				PRODUCT_NAME = "$(TARGET_NAME)";
			};
			name = Release;
		};
/* End XCBuildConfiguration section */

/* Begin XCConfigurationList section */
		993FB8741C9D2CEB0099A149 /* Build configuration list for PBXProject "L5-7" */ = {
			isa = XCConfigurationList;
			buildConfigurations = (
				993FB87E1C9D2CEB0099A149 /* Debug */,
				993FB87F1C9D2CEB0099A149 /* Release */,
			);
			defaultConfigurationIsVisible = 0;
			defaultConfigurationName = Release;
		};
		993FB8801C9D2CEB0099A149 /* Build configuration list for PBXNativeTarget "L5-7" */ = {
			isa = XCConfigurationList;
			buildConfigurations = (
				993FB8811C9D2CEB0099A149 /* Debug */,
				993FB8821C9D2CEB0099A149 /* Release */,
			);
			defaultConfigurationIsVisible = 0;
			defaultConfigurationName = Release;
		};
/* End XCConfigurationList section */
	};
	rootObject = 993FB8711C9D2CEB0099A149 /* Project object */;
}
