// !$*UTF8*$!
{
	archiveVersion = 1;
	classes = {
	};
	objectVersion = 46;
	objects = {

/* Begin PBXBuildFile section */
		990988CF1CCF601700CE8BCC /* Person.cpp in Sources */ = {isa = PBXBuildFile; fileRef = 990988CD1CCF601700CE8BCC /* Person.cpp */; };
		9978456B1CCF29F7006F3823 /* main.cpp in Sources */ = {isa = PBXBuildFile; fileRef = 9978456A1CCF29F7006F3823 /* main.cpp */; };
		997845731CCF2C6A006F3823 /* Domain.cpp in Sources */ = {isa = PBXBuildFile; fileRef = 997845711CCF2C6A006F3823 /* Domain.cpp */; };
		997845761CCF2C71006F3823 /* Repository.cpp in Sources */ = {isa = PBXBuildFile; fileRef = 997845741CCF2C71006F3823 /* Repository.cpp */; };
		997845791CCF2C78006F3823 /* Controller.cpp in Sources */ = {isa = PBXBuildFile; fileRef = 997845771CCF2C78006F3823 /* Controller.cpp */; };
		9978457C1CCF2CA1006F3823 /* UI.cpp in Sources */ = {isa = PBXBuildFile; fileRef = 9978457A1CCF2CA1006F3823 /* UI.cpp */; };
		997845821CCF2E68006F3823 /* analysis.cpp in Sources */ = {isa = PBXBuildFile; fileRef = 997845801CCF2E68006F3823 /* analysis.cpp */; };
/* End PBXBuildFile section */

/* Begin PBXCopyFilesBuildPhase section */
		997845651CCF29F7006F3823 /* CopyFiles */ = {
			isa = PBXCopyFilesBuildPhase;
			buildActionMask = 2147483647;
			dstPath = /usr/share/man/man1/;
			dstSubfolderSpec = 0;
			files = (
			);
			runOnlyForDeploymentPostprocessing = 1;
		};
/* End PBXCopyFilesBuildPhase section */

/* Begin PBXFileReference section */
		990988CD1CCF601700CE8BCC /* Person.cpp */ = {isa = PBXFileReference; fileEncoding = 4; lastKnownFileType = sourcecode.cpp.cpp; path = Person.cpp; sourceTree = "<group>"; };
		990988CE1CCF601700CE8BCC /* Person.hpp */ = {isa = PBXFileReference; fileEncoding = 4; lastKnownFileType = sourcecode.cpp.h; path = Person.hpp; sourceTree = "<group>"; };
		997845671CCF29F7006F3823 /* mock */ = {isa = PBXFileReference; explicitFileType = "compiled.mach-o.executable"; includeInIndex = 0; path = mock; sourceTree = BUILT_PRODUCTS_DIR; };
		9978456A1CCF29F7006F3823 /* main.cpp */ = {isa = PBXFileReference; lastKnownFileType = sourcecode.cpp.cpp; path = main.cpp; sourceTree = "<group>"; };
		997845711CCF2C6A006F3823 /* Domain.cpp */ = {isa = PBXFileReference; fileEncoding = 4; lastKnownFileType = sourcecode.cpp.cpp; path = Domain.cpp; sourceTree = "<group>"; };
		997845721CCF2C6A006F3823 /* Domain.hpp */ = {isa = PBXFileReference; fileEncoding = 4; lastKnownFileType = sourcecode.cpp.h; path = Domain.hpp; sourceTree = "<group>"; };
		997845741CCF2C71006F3823 /* Repository.cpp */ = {isa = PBXFileReference; fileEncoding = 4; lastKnownFileType = sourcecode.cpp.cpp; path = Repository.cpp; sourceTree = "<group>"; };
		997845751CCF2C71006F3823 /* Repository.hpp */ = {isa = PBXFileReference; fileEncoding = 4; lastKnownFileType = sourcecode.cpp.h; path = Repository.hpp; sourceTree = "<group>"; };
		997845771CCF2C78006F3823 /* Controller.cpp */ = {isa = PBXFileReference; fileEncoding = 4; lastKnownFileType = sourcecode.cpp.cpp; path = Controller.cpp; sourceTree = "<group>"; };
		997845781CCF2C78006F3823 /* Controller.hpp */ = {isa = PBXFileReference; fileEncoding = 4; lastKnownFileType = sourcecode.cpp.h; path = Controller.hpp; sourceTree = "<group>"; };
		9978457A1CCF2CA1006F3823 /* UI.cpp */ = {isa = PBXFileReference; fileEncoding = 4; lastKnownFileType = sourcecode.cpp.cpp; path = UI.cpp; sourceTree = "<group>"; };
		9978457B1CCF2CA1006F3823 /* UI.hpp */ = {isa = PBXFileReference; fileEncoding = 4; lastKnownFileType = sourcecode.cpp.h; path = UI.hpp; sourceTree = "<group>"; };
		997845801CCF2E68006F3823 /* analysis.cpp */ = {isa = PBXFileReference; fileEncoding = 4; lastKnownFileType = sourcecode.cpp.cpp; path = analysis.cpp; sourceTree = "<group>"; };
		997845811CCF2E68006F3823 /* analysis.hpp */ = {isa = PBXFileReference; fileEncoding = 4; lastKnownFileType = sourcecode.cpp.h; path = analysis.hpp; sourceTree = "<group>"; };
/* End PBXFileReference section */

/* Begin PBXFrameworksBuildPhase section */
		997845641CCF29F7006F3823 /* Frameworks */ = {
			isa = PBXFrameworksBuildPhase;
			buildActionMask = 2147483647;
			files = (
			);
			runOnlyForDeploymentPostprocessing = 0;
		};
/* End PBXFrameworksBuildPhase section */

/* Begin PBXGroup section */
		9978455E1CCF29F7006F3823 = {
			isa = PBXGroup;
			children = (
				997845691CCF29F7006F3823 /* mock */,
				997845681CCF29F7006F3823 /* Products */,
			);
			sourceTree = "<group>";
		};
		997845681CCF29F7006F3823 /* Products */ = {
			isa = PBXGroup;
			children = (
				997845671CCF29F7006F3823 /* mock */,
			);
			name = Products;
			sourceTree = "<group>";
		};
		997845691CCF29F7006F3823 /* mock */ = {
			isa = PBXGroup;
			children = (
				9978457A1CCF2CA1006F3823 /* UI.cpp */,
				9978457B1CCF2CA1006F3823 /* UI.hpp */,
				997845771CCF2C78006F3823 /* Controller.cpp */,
				997845781CCF2C78006F3823 /* Controller.hpp */,
				997845741CCF2C71006F3823 /* Repository.cpp */,
				997845751CCF2C71006F3823 /* Repository.hpp */,
				990988CD1CCF601700CE8BCC /* Person.cpp */,
				990988CE1CCF601700CE8BCC /* Person.hpp */,
				997845711CCF2C6A006F3823 /* Domain.cpp */,
				997845721CCF2C6A006F3823 /* Domain.hpp */,
				997845801CCF2E68006F3823 /* analysis.cpp */,
				997845811CCF2E68006F3823 /* analysis.hpp */,
				9978456A1CCF29F7006F3823 /* main.cpp */,
			);
			path = mock;
			sourceTree = "<group>";
		};
/* End PBXGroup section */

/* Begin PBXNativeTarget section */
		997845661CCF29F7006F3823 /* mock */ = {
			isa = PBXNativeTarget;
			buildConfigurationList = 9978456E1CCF29F7006F3823 /* Build configuration list for PBXNativeTarget "mock" */;
			buildPhases = (
				997845631CCF29F7006F3823 /* Sources */,
				997845641CCF29F7006F3823 /* Frameworks */,
				997845651CCF29F7006F3823 /* CopyFiles */,
			);
			buildRules = (
			);
			dependencies = (
			);
			name = mock;
			productName = mock;
			productReference = 997845671CCF29F7006F3823 /* mock */;
			productType = "com.apple.product-type.tool";
		};
/* End PBXNativeTarget section */

/* Begin PBXProject section */
		9978455F1CCF29F7006F3823 /* Project object */ = {
			isa = PBXProject;
			attributes = {
				LastUpgradeCheck = 0730;
				ORGANIZATIONNAME = "Dehelean Andrei";
				TargetAttributes = {
					997845661CCF29F7006F3823 = {
						CreatedOnToolsVersion = 7.3;
					};
				};
			};
			buildConfigurationList = 997845621CCF29F7006F3823 /* Build configuration list for PBXProject "mock" */;
			compatibilityVersion = "Xcode 3.2";
			developmentRegion = English;
			hasScannedForEncodings = 0;
			knownRegions = (
				en,
			);
			mainGroup = 9978455E1CCF29F7006F3823;
			productRefGroup = 997845681CCF29F7006F3823 /* Products */;
			projectDirPath = "";
			projectRoot = "";
			targets = (
				997845661CCF29F7006F3823 /* mock */,
			);
		};
/* End PBXProject section */

/* Begin PBXSourcesBuildPhase section */
		997845631CCF29F7006F3823 /* Sources */ = {
			isa = PBXSourcesBuildPhase;
			buildActionMask = 2147483647;
			files = (
				997845821CCF2E68006F3823 /* analysis.cpp in Sources */,
				9978457C1CCF2CA1006F3823 /* UI.cpp in Sources */,
				9978456B1CCF29F7006F3823 /* main.cpp in Sources */,
				997845731CCF2C6A006F3823 /* Domain.cpp in Sources */,
				990988CF1CCF601700CE8BCC /* Person.cpp in Sources */,
				997845761CCF2C71006F3823 /* Repository.cpp in Sources */,
				997845791CCF2C78006F3823 /* Controller.cpp in Sources */,
			);
			runOnlyForDeploymentPostprocessing = 0;
		};
/* End PBXSourcesBuildPhase section */

/* Begin XCBuildConfiguration section */
		9978456C1CCF29F7006F3823 /* Debug */ = {
			isa = XCBuildConfiguration;
			buildSettings = {
				ALWAYS_SEARCH_USER_PATHS = NO;
				CLANG_ANALYZER_NONNULL = YES;
				CLANG_CXX_LANGUAGE_STANDARD = "gnu++0x";
				CLANG_CXX_LIBRARY = "libc++";
				CLANG_ENABLE_MODULES = YES;
				CLANG_ENABLE_OBJC_ARC = YES;
				CLANG_WARN_BOOL_CONVERSION = YES;
				CLANG_WARN_CONSTANT_CONVERSION = YES;
				CLANG_WARN_DIRECT_OBJC_ISA_USAGE = YES_ERROR;
				CLANG_WARN_EMPTY_BODY = YES;
				CLANG_WARN_ENUM_CONVERSION = YES;
				CLANG_WARN_INT_CONVERSION = YES;
				CLANG_WARN_OBJC_ROOT_CLASS = YES_ERROR;
				CLANG_WARN_UNREACHABLE_CODE = YES;
				CLANG_WARN__DUPLICATE_METHOD_MATCH = YES;
				CODE_SIGN_IDENTITY = "-";
				COPY_PHASE_STRIP = NO;
				DEBUG_INFORMATION_FORMAT = dwarf;
				ENABLE_STRICT_OBJC_MSGSEND = YES;
				ENABLE_TESTABILITY = YES;
				GCC_C_LANGUAGE_STANDARD = gnu99;
				GCC_DYNAMIC_NO_PIC = NO;
				GCC_NO_COMMON_BLOCKS = YES;
				GCC_OPTIMIZATION_LEVEL = 0;
				GCC_PREPROCESSOR_DEFINITIONS = (
					"DEBUG=1",
					"$(inherited)",
				);
				GCC_WARN_64_TO_32_BIT_CONVERSION = YES;
				GCC_WARN_ABOUT_RETURN_TYPE = YES_ERROR;
				GCC_WARN_UNDECLARED_SELECTOR = YES;
				GCC_WARN_UNINITIALIZED_AUTOS = YES_AGGRESSIVE;
				GCC_WARN_UNUSED_FUNCTION = YES;
				GCC_WARN_UNUSED_VARIABLE = YES;
				MACOSX_DEPLOYMENT_TARGET = 10.11;
				MTL_ENABLE_DEBUG_INFO = YES;
				ONLY_ACTIVE_ARCH = YES;
				SDKROOT = macosx;
			};
			name = Debug;
		};
		9978456D1CCF29F7006F3823 /* Release */ = {
			isa = XCBuildConfiguration;
			buildSettings = {
				ALWAYS_SEARCH_USER_PATHS = NO;
				CLANG_ANALYZER_NONNULL = YES;
				CLANG_CXX_LANGUAGE_STANDARD = "gnu++0x";
				CLANG_CXX_LIBRARY = "libc++";
				CLANG_ENABLE_MODULES = YES;
				CLANG_ENABLE_OBJC_ARC = YES;
				CLANG_WARN_BOOL_CONVERSION = YES;
				CLANG_WARN_CONSTANT_CONVERSION = YES;
				CLANG_WARN_DIRECT_OBJC_ISA_USAGE = YES_ERROR;
				CLANG_WARN_EMPTY_BODY = YES;
				CLANG_WARN_ENUM_CONVERSION = YES;
				CLANG_WARN_INT_CONVERSION = YES;
				CLANG_WARN_OBJC_ROOT_CLASS = YES_ERROR;
				CLANG_WARN_UNREACHABLE_CODE = YES;
				CLANG_WARN__DUPLICATE_METHOD_MATCH = YES;
				CODE_SIGN_IDENTITY = "-";
				COPY_PHASE_STRIP = NO;
				DEBUG_INFORMATION_FORMAT = "dwarf-with-dsym";
				ENABLE_NS_ASSERTIONS = NO;
				ENABLE_STRICT_OBJC_MSGSEND = YES;
				GCC_C_LANGUAGE_STANDARD = gnu99;
				GCC_NO_COMMON_BLOCKS = YES;
				GCC_WARN_64_TO_32_BIT_CONVERSION = YES;
				GCC_WARN_ABOUT_RETURN_TYPE = YES_ERROR;
				GCC_WARN_UNDECLARED_SELECTOR = YES;
				GCC_WARN_UNINITIALIZED_AUTOS = YES_AGGRESSIVE;
				GCC_WARN_UNUSED_FUNCTION = YES;
				GCC_WARN_UNUSED_VARIABLE = YES;
				MACOSX_DEPLOYMENT_TARGET = 10.11;
				MTL_ENABLE_DEBUG_INFO = NO;
				SDKROOT = macosx;
			};
			name = Release;
		};
		9978456F1CCF29F7006F3823 /* Debug */ = {
			isa = XCBuildConfiguration;
			buildSettings = {
				PRODUCT_NAME = "$(TARGET_NAME)";
			};
			name = Debug;
		};
		997845701CCF29F7006F3823 /* Release */ = {
			isa = XCBuildConfiguration;
			buildSettings = {
				PRODUCT_NAME = "$(TARGET_NAME)";
			};
			name = Release;
		};
/* End XCBuildConfiguration section */

/* Begin XCConfigurationList section */
		997845621CCF29F7006F3823 /* Build configuration list for PBXProject "mock" */ = {
			isa = XCConfigurationList;
			buildConfigurations = (
				9978456C1CCF29F7006F3823 /* Debug */,
				9978456D1CCF29F7006F3823 /* Release */,
			);
			defaultConfigurationIsVisible = 0;
			defaultConfigurationName = Release;
		};
		9978456E1CCF29F7006F3823 /* Build configuration list for PBXNativeTarget "mock" */ = {
			isa = XCConfigurationList;
			buildConfigurations = (
				9978456F1CCF29F7006F3823 /* Debug */,
				997845701CCF29F7006F3823 /* Release */,
			);
			defaultConfigurationIsVisible = 0;
			defaultConfigurationName = Release;
		};
/* End XCConfigurationList section */
	};
	rootObject = 9978455F1CCF29F7006F3823 /* Project object */;
}
